// !$*UTF8*$!
{
	archiveVersion = 1;
	classes = {
	};
	objectVersion = 56;
	objects = {

/* Begin PBXBuildFile section */
		00653C0E79A35EB1CADAE8BD /* Pods_PatientDiaryTests.framework in Frameworks */ = {isa = PBXBuildFile; fileRef = 7D80CE1AF7E24494052B54F1 /* Pods_PatientDiaryTests.framework */; };
		274CD22C2A49473B009C57F6 /* AppDelegate.swift in Sources */ = {isa = PBXBuildFile; fileRef = 274CD22B2A49473B009C57F6 /* AppDelegate.swift */; };
		274CD22E2A49473B009C57F6 /* SceneDelegate.swift in Sources */ = {isa = PBXBuildFile; fileRef = 274CD22D2A49473B009C57F6 /* SceneDelegate.swift */; };
		274CD2302A49473B009C57F6 /* ViewController.swift in Sources */ = {isa = PBXBuildFile; fileRef = 274CD22F2A49473B009C57F6 /* ViewController.swift */; };
		274CD2332A49473B009C57F6 /* Main.storyboard in Resources */ = {isa = PBXBuildFile; fileRef = 274CD2312A49473B009C57F6 /* Main.storyboard */; };
		274CD2352A49473D009C57F6 /* Assets.xcassets in Resources */ = {isa = PBXBuildFile; fileRef = 274CD2342A49473D009C57F6 /* Assets.xcassets */; };
		274CD2382A49473D009C57F6 /* LaunchScreen.storyboard in Resources */ = {isa = PBXBuildFile; fileRef = 274CD2362A49473D009C57F6 /* LaunchScreen.storyboard */; };
		274CD2432A49473D009C57F6 /* PatientDiaryTests.swift in Sources */ = {isa = PBXBuildFile; fileRef = 274CD2422A49473D009C57F6 /* PatientDiaryTests.swift */; };
		274CD24D2A49473D009C57F6 /* PatientDiaryUITests.swift in Sources */ = {isa = PBXBuildFile; fileRef = 274CD24C2A49473D009C57F6 /* PatientDiaryUITests.swift */; };
		274CD24F2A49473D009C57F6 /* PatientDiaryUITestsLaunchTests.swift in Sources */ = {isa = PBXBuildFile; fileRef = 274CD24E2A49473D009C57F6 /* PatientDiaryUITestsLaunchTests.swift */; };
		274CD25D2A495335009C57F6 /* DashboardViewController.swift in Sources */ = {isa = PBXBuildFile; fileRef = 274CD25C2A495335009C57F6 /* DashboardViewController.swift */; };
		274CD25F2A495BF4009C57F6 /* DashboardViewPresenter.swift in Sources */ = {isa = PBXBuildFile; fileRef = 274CD25E2A495BF4009C57F6 /* DashboardViewPresenter.swift */; };
		274CD2612A495C15009C57F6 /* DashboardVieConfigurator.swift in Sources */ = {isa = PBXBuildFile; fileRef = 274CD2602A495C15009C57F6 /* DashboardVieConfigurator.swift */; };
		274CD2632A495CFF009C57F6 /* DashboardViewRouter.swift in Sources */ = {isa = PBXBuildFile; fileRef = 274CD2622A495CFF009C57F6 /* DashboardViewRouter.swift */; };
		274CD2662A495DFB009C57F6 /* LoginRouter.swift in Sources */ = {isa = PBXBuildFile; fileRef = 274CD2652A495DFB009C57F6 /* LoginRouter.swift */; };
		274CD2682A495E0F009C57F6 /* LoginPresenter.swift in Sources */ = {isa = PBXBuildFile; fileRef = 274CD2672A495E0F009C57F6 /* LoginPresenter.swift */; };
		274CD26A2A496215009C57F6 /* LoginViewConfigurator.swift in Sources */ = {isa = PBXBuildFile; fileRef = 274CD2692A496215009C57F6 /* LoginViewConfigurator.swift */; };
		274CD26C2A49626C009C57F6 /* Person.swift in Sources */ = {isa = PBXBuildFile; fileRef = 274CD26B2A49626C009C57F6 /* Person.swift */; };
		274CD26F2A4962E2009C57F6 /* CommonUtilityClass.swift in Sources */ = {isa = PBXBuildFile; fileRef = 274CD26E2A4962E2009C57F6 /* CommonUtilityClass.swift */; };
		274CD2762A496E96009C57F6 /* Studies.json in Resources */ = {isa = PBXBuildFile; fileRef = 274CD2752A496E96009C57F6 /* Studies.json */; };
		274CD27B2A4971BA009C57F6 /* Studies.swift in Sources */ = {isa = PBXBuildFile; fileRef = 274CD27A2A4971BA009C57F6 /* Studies.swift */; };
		274CD27D2A4973F7009C57F6 /* LoginUsecase.swift in Sources */ = {isa = PBXBuildFile; fileRef = 274CD27C2A4973F7009C57F6 /* LoginUsecase.swift */; };
		274CD27F2A497438009C57F6 /* DBHelper.swift in Sources */ = {isa = PBXBuildFile; fileRef = 274CD27E2A497438009C57F6 /* DBHelper.swift */; };
		274CD2852A497973009C57F6 /* StudyTitleCell.swift in Sources */ = {isa = PBXBuildFile; fileRef = 274CD2832A497973009C57F6 /* StudyTitleCell.swift */; };
		274CD2862A497973009C57F6 /* StudyTitleCell.xib in Resources */ = {isa = PBXBuildFile; fileRef = 274CD2842A497973009C57F6 /* StudyTitleCell.xib */; };
		274CD2892A498203009C57F6 /* ViewControllerExtension.swift in Sources */ = {isa = PBXBuildFile; fileRef = 274CD2882A498203009C57F6 /* ViewControllerExtension.swift */; };
		274CD28C2A498489009C57F6 /* TextFieldController.swift in Sources */ = {isa = PBXBuildFile; fileRef = 274CD28B2A498489009C57F6 /* TextFieldController.swift */; };
		274CD28E2A4985A1009C57F6 /* TextFieldPresenter.swift in Sources */ = {isa = PBXBuildFile; fileRef = 274CD28D2A4985A1009C57F6 /* TextFieldPresenter.swift */; };
		274CD2902A4985AE009C57F6 /* TextFieldConfigurator.swift in Sources */ = {isa = PBXBuildFile; fileRef = 274CD28F2A4985AE009C57F6 /* TextFieldConfigurator.swift */; };
		274CD2922A4985BE009C57F6 /* TextFieldRouter.swift in Sources */ = {isa = PBXBuildFile; fileRef = 274CD2912A4985BE009C57F6 /* TextFieldRouter.swift */; };
		274CD2942A49F50F009C57F6 /* StudiesModelUseCase.swift in Sources */ = {isa = PBXBuildFile; fileRef = 274CD2932A49F50F009C57F6 /* StudiesModelUseCase.swift */; };
		274CD2962A4A841C009C57F6 /* Colors.swift in Sources */ = {isa = PBXBuildFile; fileRef = 274CD2952A4A841C009C57F6 /* Colors.swift */; };
		274CD2982A4A8CCE009C57F6 /* LocalNotification .swift in Sources */ = {isa = PBXBuildFile; fileRef = 274CD2972A4A8CCE009C57F6 /* LocalNotification .swift */; };
		AD8B037B5F5747CB5EB4E52A /* Pods_PatientDiary.framework in Frameworks */ = {isa = PBXBuildFile; fileRef = DCBDFCB4980A00D75579AF2F /* Pods_PatientDiary.framework */; };
		F2B0F5C852BDBF1B1385AFEF /* Pods_PatientDiary_PatientDiaryUITests.framework in Frameworks */ = {isa = PBXBuildFile; fileRef = 959172E7655B83DFB0920231 /* Pods_PatientDiary_PatientDiaryUITests.framework */; };
/* End PBXBuildFile section */

/* Begin PBXContainerItemProxy section */
		274CD23F2A49473D009C57F6 /* PBXContainerItemProxy */ = {
			isa = PBXContainerItemProxy;
			containerPortal = 274CD2202A49473B009C57F6 /* Project object */;
			proxyType = 1;
			remoteGlobalIDString = 274CD2272A49473B009C57F6;
			remoteInfo = PatientDiary;
		};
		274CD2492A49473D009C57F6 /* PBXContainerItemProxy */ = {
			isa = PBXContainerItemProxy;
			containerPortal = 274CD2202A49473B009C57F6 /* Project object */;
			proxyType = 1;
			remoteGlobalIDString = 274CD2272A49473B009C57F6;
			remoteInfo = PatientDiary;
		};
/* End PBXContainerItemProxy section */

/* Begin PBXFileReference section */
		2474F29C080C8A1C10B2C44D /* Pods-PatientDiary-PatientDiaryUITests.debug.xcconfig */ = {isa = PBXFileReference; includeInIndex = 1; lastKnownFileType = text.xcconfig; name = "Pods-PatientDiary-PatientDiaryUITests.debug.xcconfig"; path = "Target Support Files/Pods-PatientDiary-PatientDiaryUITests/Pods-PatientDiary-PatientDiaryUITests.debug.xcconfig"; sourceTree = "<group>"; };
		274CD2282A49473B009C57F6 /* PatientDiary.app */ = {isa = PBXFileReference; explicitFileType = wrapper.application; includeInIndex = 0; path = PatientDiary.app; sourceTree = BUILT_PRODUCTS_DIR; };
		274CD22B2A49473B009C57F6 /* AppDelegate.swift */ = {isa = PBXFileReference; lastKnownFileType = sourcecode.swift; path = AppDelegate.swift; sourceTree = "<group>"; };
		274CD22D2A49473B009C57F6 /* SceneDelegate.swift */ = {isa = PBXFileReference; lastKnownFileType = sourcecode.swift; path = SceneDelegate.swift; sourceTree = "<group>"; };
		274CD22F2A49473B009C57F6 /* ViewController.swift */ = {isa = PBXFileReference; lastKnownFileType = sourcecode.swift; path = ViewController.swift; sourceTree = "<group>"; };
		274CD2322A49473B009C57F6 /* Base */ = {isa = PBXFileReference; lastKnownFileType = file.storyboard; name = Base; path = Base.lproj/Main.storyboard; sourceTree = "<group>"; };
		274CD2342A49473D009C57F6 /* Assets.xcassets */ = {isa = PBXFileReference; lastKnownFileType = folder.assetcatalog; path = Assets.xcassets; sourceTree = "<group>"; };
		274CD2372A49473D009C57F6 /* Base */ = {isa = PBXFileReference; lastKnownFileType = file.storyboard; name = Base; path = Base.lproj/LaunchScreen.storyboard; sourceTree = "<group>"; };
		274CD2392A49473D009C57F6 /* Info.plist */ = {isa = PBXFileReference; lastKnownFileType = text.plist.xml; path = Info.plist; sourceTree = "<group>"; };
		274CD23E2A49473D009C57F6 /* PatientDiaryTests.xctest */ = {isa = PBXFileReference; explicitFileType = wrapper.cfbundle; includeInIndex = 0; path = PatientDiaryTests.xctest; sourceTree = BUILT_PRODUCTS_DIR; };
		274CD2422A49473D009C57F6 /* PatientDiaryTests.swift */ = {isa = PBXFileReference; lastKnownFileType = sourcecode.swift; path = PatientDiaryTests.swift; sourceTree = "<group>"; };
		274CD2482A49473D009C57F6 /* PatientDiaryUITests.xctest */ = {isa = PBXFileReference; explicitFileType = wrapper.cfbundle; includeInIndex = 0; path = PatientDiaryUITests.xctest; sourceTree = BUILT_PRODUCTS_DIR; };
		274CD24C2A49473D009C57F6 /* PatientDiaryUITests.swift */ = {isa = PBXFileReference; lastKnownFileType = sourcecode.swift; path = PatientDiaryUITests.swift; sourceTree = "<group>"; };
		274CD24E2A49473D009C57F6 /* PatientDiaryUITestsLaunchTests.swift */ = {isa = PBXFileReference; lastKnownFileType = sourcecode.swift; path = PatientDiaryUITestsLaunchTests.swift; sourceTree = "<group>"; };
		274CD25C2A495335009C57F6 /* DashboardViewController.swift */ = {isa = PBXFileReference; lastKnownFileType = sourcecode.swift; path = DashboardViewController.swift; sourceTree = "<group>"; };
		274CD25E2A495BF4009C57F6 /* DashboardViewPresenter.swift */ = {isa = PBXFileReference; lastKnownFileType = sourcecode.swift; path = DashboardViewPresenter.swift; sourceTree = "<group>"; };
		274CD2602A495C15009C57F6 /* DashboardVieConfigurator.swift */ = {isa = PBXFileReference; lastKnownFileType = sourcecode.swift; path = DashboardVieConfigurator.swift; sourceTree = "<group>"; };
		274CD2622A495CFF009C57F6 /* DashboardViewRouter.swift */ = {isa = PBXFileReference; lastKnownFileType = sourcecode.swift; path = DashboardViewRouter.swift; sourceTree = "<group>"; };
		274CD2652A495DFB009C57F6 /* LoginRouter.swift */ = {isa = PBXFileReference; lastKnownFileType = sourcecode.swift; path = LoginRouter.swift; sourceTree = "<group>"; };
		274CD2672A495E0F009C57F6 /* LoginPresenter.swift */ = {isa = PBXFileReference; lastKnownFileType = sourcecode.swift; path = LoginPresenter.swift; sourceTree = "<group>"; };
		274CD2692A496215009C57F6 /* LoginViewConfigurator.swift */ = {isa = PBXFileReference; lastKnownFileType = sourcecode.swift; path = LoginViewConfigurator.swift; sourceTree = "<group>"; };
		274CD26B2A49626C009C57F6 /* Person.swift */ = {isa = PBXFileReference; lastKnownFileType = sourcecode.swift; path = Person.swift; sourceTree = "<group>"; };
		274CD26E2A4962E2009C57F6 /* CommonUtilityClass.swift */ = {isa = PBXFileReference; lastKnownFileType = sourcecode.swift; path = CommonUtilityClass.swift; sourceTree = "<group>"; };
		274CD2752A496E96009C57F6 /* Studies.json */ = {isa = PBXFileReference; fileEncoding = 4; lastKnownFileType = text.json; path = Studies.json; sourceTree = "<group>"; };
		274CD27A2A4971BA009C57F6 /* Studies.swift */ = {isa = PBXFileReference; lastKnownFileType = sourcecode.swift; path = Studies.swift; sourceTree = "<group>"; };
		274CD27C2A4973F7009C57F6 /* LoginUsecase.swift */ = {isa = PBXFileReference; lastKnownFileType = sourcecode.swift; path = LoginUsecase.swift; sourceTree = "<group>"; };
		274CD27E2A497438009C57F6 /* DBHelper.swift */ = {isa = PBXFileReference; lastKnownFileType = sourcecode.swift; path = DBHelper.swift; sourceTree = "<group>"; };
		274CD2802A497478009C57F6 /* libsqlite3.tbd */ = {isa = PBXFileReference; lastKnownFileType = "sourcecode.text-based-dylib-definition"; name = libsqlite3.tbd; path = usr/lib/libsqlite3.tbd; sourceTree = SDKROOT; };
		274CD2832A497973009C57F6 /* StudyTitleCell.swift */ = {isa = PBXFileReference; lastKnownFileType = sourcecode.swift; path = StudyTitleCell.swift; sourceTree = "<group>"; };
		274CD2842A497973009C57F6 /* StudyTitleCell.xib */ = {isa = PBXFileReference; lastKnownFileType = file.xib; path = StudyTitleCell.xib; sourceTree = "<group>"; };
		274CD2882A498203009C57F6 /* ViewControllerExtension.swift */ = {isa = PBXFileReference; lastKnownFileType = sourcecode.swift; path = ViewControllerExtension.swift; sourceTree = "<group>"; };
		274CD28B2A498489009C57F6 /* TextFieldController.swift */ = {isa = PBXFileReference; lastKnownFileType = sourcecode.swift; path = TextFieldController.swift; sourceTree = "<group>"; };
		274CD28D2A4985A1009C57F6 /* TextFieldPresenter.swift */ = {isa = PBXFileReference; lastKnownFileType = sourcecode.swift; path = TextFieldPresenter.swift; sourceTree = "<group>"; };
		274CD28F2A4985AE009C57F6 /* TextFieldConfigurator.swift */ = {isa = PBXFileReference; lastKnownFileType = sourcecode.swift; path = TextFieldConfigurator.swift; sourceTree = "<group>"; };
		274CD2912A4985BE009C57F6 /* TextFieldRouter.swift */ = {isa = PBXFileReference; lastKnownFileType = sourcecode.swift; path = TextFieldRouter.swift; sourceTree = "<group>"; };
		274CD2932A49F50F009C57F6 /* StudiesModelUseCase.swift */ = {isa = PBXFileReference; lastKnownFileType = sourcecode.swift; path = StudiesModelUseCase.swift; sourceTree = "<group>"; };
		274CD2952A4A841C009C57F6 /* Colors.swift */ = {isa = PBXFileReference; lastKnownFileType = sourcecode.swift; path = Colors.swift; sourceTree = "<group>"; };
		274CD2972A4A8CCE009C57F6 /* LocalNotification .swift */ = {isa = PBXFileReference; lastKnownFileType = sourcecode.swift; path = "LocalNotification .swift"; sourceTree = "<group>"; };
		6AA22F4AD91013F59D982D54 /* Pods-PatientDiary-PatientDiaryUITests.release.xcconfig */ = {isa = PBXFileReference; includeInIndex = 1; lastKnownFileType = text.xcconfig; name = "Pods-PatientDiary-PatientDiaryUITests.release.xcconfig"; path = "Target Support Files/Pods-PatientDiary-PatientDiaryUITests/Pods-PatientDiary-PatientDiaryUITests.release.xcconfig"; sourceTree = "<group>"; };
		6D1FC515FC9E5112DAF73136 /* Pods-PatientDiaryTests.release.xcconfig */ = {isa = PBXFileReference; includeInIndex = 1; lastKnownFileType = text.xcconfig; name = "Pods-PatientDiaryTests.release.xcconfig"; path = "Target Support Files/Pods-PatientDiaryTests/Pods-PatientDiaryTests.release.xcconfig"; sourceTree = "<group>"; };
		7D80CE1AF7E24494052B54F1 /* Pods_PatientDiaryTests.framework */ = {isa = PBXFileReference; explicitFileType = wrapper.framework; includeInIndex = 0; path = Pods_PatientDiaryTests.framework; sourceTree = BUILT_PRODUCTS_DIR; };
		857F3A1555F8B351DD307F7E /* Pods-PatientDiaryTests.debug.xcconfig */ = {isa = PBXFileReference; includeInIndex = 1; lastKnownFileType = text.xcconfig; name = "Pods-PatientDiaryTests.debug.xcconfig"; path = "Target Support Files/Pods-PatientDiaryTests/Pods-PatientDiaryTests.debug.xcconfig"; sourceTree = "<group>"; };
		959172E7655B83DFB0920231 /* Pods_PatientDiary_PatientDiaryUITests.framework */ = {isa = PBXFileReference; explicitFileType = wrapper.framework; includeInIndex = 0; path = Pods_PatientDiary_PatientDiaryUITests.framework; sourceTree = BUILT_PRODUCTS_DIR; };
		AA784E83B7C1C2D984743490 /* Pods-PatientDiary.release.xcconfig */ = {isa = PBXFileReference; includeInIndex = 1; lastKnownFileType = text.xcconfig; name = "Pods-PatientDiary.release.xcconfig"; path = "Target Support Files/Pods-PatientDiary/Pods-PatientDiary.release.xcconfig"; sourceTree = "<group>"; };
		D40E22B2A28754E3982BD181 /* Pods-PatientDiary.debug.xcconfig */ = {isa = PBXFileReference; includeInIndex = 1; lastKnownFileType = text.xcconfig; name = "Pods-PatientDiary.debug.xcconfig"; path = "Target Support Files/Pods-PatientDiary/Pods-PatientDiary.debug.xcconfig"; sourceTree = "<group>"; };
		DCBDFCB4980A00D75579AF2F /* Pods_PatientDiary.framework */ = {isa = PBXFileReference; explicitFileType = wrapper.framework; includeInIndex = 0; path = Pods_PatientDiary.framework; sourceTree = BUILT_PRODUCTS_DIR; };
/* End PBXFileReference section */

/* Begin PBXFrameworksBuildPhase section */
		274CD2252A49473B009C57F6 /* Frameworks */ = {
			isa = PBXFrameworksBuildPhase;
			buildActionMask = 2147483647;
			files = (
				AD8B037B5F5747CB5EB4E52A /* Pods_PatientDiary.framework in Frameworks */,
			);
			runOnlyForDeploymentPostprocessing = 0;
		};
		274CD23B2A49473D009C57F6 /* Frameworks */ = {
			isa = PBXFrameworksBuildPhase;
			buildActionMask = 2147483647;
			files = (
				00653C0E79A35EB1CADAE8BD /* Pods_PatientDiaryTests.framework in Frameworks */,
			);
			runOnlyForDeploymentPostprocessing = 0;
		};
		274CD2452A49473D009C57F6 /* Frameworks */ = {
			isa = PBXFrameworksBuildPhase;
			buildActionMask = 2147483647;
			files = (
				F2B0F5C852BDBF1B1385AFEF /* Pods_PatientDiary_PatientDiaryUITests.framework in Frameworks */,
			);
			runOnlyForDeploymentPostprocessing = 0;
		};
/* End PBXFrameworksBuildPhase section */

/* Begin PBXGroup section */
		274CD21F2A49473B009C57F6 = {
			isa = PBXGroup;
			children = (
				274CD22A2A49473B009C57F6 /* PatientDiary */,
				274CD2412A49473D009C57F6 /* PatientDiaryTests */,
				274CD24B2A49473D009C57F6 /* PatientDiaryUITests */,
				274CD2292A49473B009C57F6 /* Products */,
				6C737D276BD909356F66A22E /* Pods */,
				7DC860CD93C371EA3917A86A /* Frameworks */,
			);
			sourceTree = "<group>";
		};
		274CD2292A49473B009C57F6 /* Products */ = {
			isa = PBXGroup;
			children = (
				274CD2282A49473B009C57F6 /* PatientDiary.app */,
				274CD23E2A49473D009C57F6 /* PatientDiaryTests.xctest */,
				274CD2482A49473D009C57F6 /* PatientDiaryUITests.xctest */,
			);
			name = Products;
			sourceTree = "<group>";
		};
		274CD22A2A49473B009C57F6 /* PatientDiary */ = {
			isa = PBXGroup;
			children = (
				274CD28A2A498465009C57F6 /* TextFieldView */,
				274CD2872A4981DF009C57F6 /* Extension */,
				274CD2822A497959009C57F6 /* CustomCells */,
				274CD2792A4971AC009C57F6 /* ModelClass */,
				274CD2702A496DF1009C57F6 /* JSONS */,
				274CD26D2A4962CD009C57F6 /* CommonUtility */,
				274CD2642A495DE1009C57F6 /* LoginScreen */,
				274CD25B2A4952A5009C57F6 /* Dashboard */,
				274CD22B2A49473B009C57F6 /* AppDelegate.swift */,
				274CD22D2A49473B009C57F6 /* SceneDelegate.swift */,
				274CD2312A49473B009C57F6 /* Main.storyboard */,
				274CD2342A49473D009C57F6 /* Assets.xcassets */,
				274CD2362A49473D009C57F6 /* LaunchScreen.storyboard */,
				274CD2392A49473D009C57F6 /* Info.plist */,
			);
			path = PatientDiary;
			sourceTree = "<group>";
		};
		274CD2412A49473D009C57F6 /* PatientDiaryTests */ = {
			isa = PBXGroup;
			children = (
				274CD2422A49473D009C57F6 /* PatientDiaryTests.swift */,
			);
			path = PatientDiaryTests;
			sourceTree = "<group>";
		};
		274CD24B2A49473D009C57F6 /* PatientDiaryUITests */ = {
			isa = PBXGroup;
			children = (
				274CD24C2A49473D009C57F6 /* PatientDiaryUITests.swift */,
				274CD24E2A49473D009C57F6 /* PatientDiaryUITestsLaunchTests.swift */,
			);
			path = PatientDiaryUITests;
			sourceTree = "<group>";
		};
		274CD25B2A4952A5009C57F6 /* Dashboard */ = {
			isa = PBXGroup;
			children = (
				274CD25C2A495335009C57F6 /* DashboardViewController.swift */,
				274CD25E2A495BF4009C57F6 /* DashboardViewPresenter.swift */,
				274CD2602A495C15009C57F6 /* DashboardVieConfigurator.swift */,
				274CD2622A495CFF009C57F6 /* DashboardViewRouter.swift */,
				274CD2932A49F50F009C57F6 /* StudiesModelUseCase.swift */,
			);
			path = Dashboard;
			sourceTree = "<group>";
		};
		274CD2642A495DE1009C57F6 /* LoginScreen */ = {
			isa = PBXGroup;
			children = (
				274CD22F2A49473B009C57F6 /* ViewController.swift */,
				274CD2652A495DFB009C57F6 /* LoginRouter.swift */,
				274CD2672A495E0F009C57F6 /* LoginPresenter.swift */,
				274CD2692A496215009C57F6 /* LoginViewConfigurator.swift */,
				274CD26B2A49626C009C57F6 /* Person.swift */,
				274CD27C2A4973F7009C57F6 /* LoginUsecase.swift */,
			);
			path = LoginScreen;
			sourceTree = "<group>";
		};
		274CD26D2A4962CD009C57F6 /* CommonUtility */ = {
			isa = PBXGroup;
			children = (
				274CD26E2A4962E2009C57F6 /* CommonUtilityClass.swift */,
				274CD27E2A497438009C57F6 /* DBHelper.swift */,
				274CD2952A4A841C009C57F6 /* Colors.swift */,
				274CD2972A4A8CCE009C57F6 /* LocalNotification .swift */,
			);
			path = CommonUtility;
			sourceTree = "<group>";
		};
		274CD2702A496DF1009C57F6 /* JSONS */ = {
			isa = PBXGroup;
			children = (
				274CD2752A496E96009C57F6 /* Studies.json */,
			);
			path = JSONS;
			sourceTree = "<group>";
		};
		274CD2792A4971AC009C57F6 /* ModelClass */ = {
			isa = PBXGroup;
			children = (
				274CD27A2A4971BA009C57F6 /* Studies.swift */,
			);
			path = ModelClass;
			sourceTree = "<group>";
		};
		274CD2822A497959009C57F6 /* CustomCells */ = {
			isa = PBXGroup;
			children = (
				274CD2832A497973009C57F6 /* StudyTitleCell.swift */,
				274CD2842A497973009C57F6 /* StudyTitleCell.xib */,
			);
			path = CustomCells;
			sourceTree = "<group>";
		};
		274CD2872A4981DF009C57F6 /* Extension */ = {
			isa = PBXGroup;
			children = (
				274CD2882A498203009C57F6 /* ViewControllerExtension.swift */,
			);
			path = Extension;
			sourceTree = "<group>";
		};
		274CD28A2A498465009C57F6 /* TextFieldView */ = {
			isa = PBXGroup;
			children = (
				274CD28B2A498489009C57F6 /* TextFieldController.swift */,
				274CD28D2A4985A1009C57F6 /* TextFieldPresenter.swift */,
				274CD28F2A4985AE009C57F6 /* TextFieldConfigurator.swift */,
				274CD2912A4985BE009C57F6 /* TextFieldRouter.swift */,
			);
			path = TextFieldView;
			sourceTree = "<group>";
		};
		6C737D276BD909356F66A22E /* Pods */ = {
			isa = PBXGroup;
			children = (
				D40E22B2A28754E3982BD181 /* Pods-PatientDiary.debug.xcconfig */,
				AA784E83B7C1C2D984743490 /* Pods-PatientDiary.release.xcconfig */,
				2474F29C080C8A1C10B2C44D /* Pods-PatientDiary-PatientDiaryUITests.debug.xcconfig */,
				6AA22F4AD91013F59D982D54 /* Pods-PatientDiary-PatientDiaryUITests.release.xcconfig */,
				857F3A1555F8B351DD307F7E /* Pods-PatientDiaryTests.debug.xcconfig */,
				6D1FC515FC9E5112DAF73136 /* Pods-PatientDiaryTests.release.xcconfig */,
			);
			path = Pods;
			sourceTree = "<group>";
		};
		7DC860CD93C371EA3917A86A /* Frameworks */ = {
			isa = PBXGroup;
			children = (
				274CD2802A497478009C57F6 /* libsqlite3.tbd */,
				DCBDFCB4980A00D75579AF2F /* Pods_PatientDiary.framework */,
				959172E7655B83DFB0920231 /* Pods_PatientDiary_PatientDiaryUITests.framework */,
				7D80CE1AF7E24494052B54F1 /* Pods_PatientDiaryTests.framework */,
			);
			name = Frameworks;
			sourceTree = "<group>";
		};
/* End PBXGroup section */

/* Begin PBXNativeTarget section */
		274CD2272A49473B009C57F6 /* PatientDiary */ = {
			isa = PBXNativeTarget;
			buildConfigurationList = 274CD2522A49473D009C57F6 /* Build configuration list for PBXNativeTarget "PatientDiary" */;
			buildPhases = (
				C161F2A50C485DF77EB808A0 /* [CP] Check Pods Manifest.lock */,
				274CD2242A49473B009C57F6 /* Sources */,
				274CD2252A49473B009C57F6 /* Frameworks */,
				274CD2262A49473B009C57F6 /* Resources */,
				100690206661DE79732A25B4 /* [CP] Embed Pods Frameworks */,
			);
			buildRules = (
			);
			dependencies = (
			);
			name = PatientDiary;
			productName = PatientDiary;
			productReference = 274CD2282A49473B009C57F6 /* PatientDiary.app */;
			productType = "com.apple.product-type.application";
		};
		274CD23D2A49473D009C57F6 /* PatientDiaryTests */ = {
			isa = PBXNativeTarget;
			buildConfigurationList = 274CD2552A49473D009C57F6 /* Build configuration list for PBXNativeTarget "PatientDiaryTests" */;
			buildPhases = (
				8EB07C59661EDFAA9395610B /* [CP] Check Pods Manifest.lock */,
				274CD23A2A49473D009C57F6 /* Sources */,
				274CD23B2A49473D009C57F6 /* Frameworks */,
				274CD23C2A49473D009C57F6 /* Resources */,
			);
			buildRules = (
			);
			dependencies = (
				274CD2402A49473D009C57F6 /* PBXTargetDependency */,
			);
			name = PatientDiaryTests;
			productName = PatientDiaryTests;
			productReference = 274CD23E2A49473D009C57F6 /* PatientDiaryTests.xctest */;
			productType = "com.apple.product-type.bundle.unit-test";
		};
		274CD2472A49473D009C57F6 /* PatientDiaryUITests */ = {
			isa = PBXNativeTarget;
			buildConfigurationList = 274CD2582A49473D009C57F6 /* Build configuration list for PBXNativeTarget "PatientDiaryUITests" */;
			buildPhases = (
				E198FE22187DF4B8AF73E087 /* [CP] Check Pods Manifest.lock */,
				274CD2442A49473D009C57F6 /* Sources */,
				274CD2452A49473D009C57F6 /* Frameworks */,
				274CD2462A49473D009C57F6 /* Resources */,
				A2F0F5AAC43B77EA943C5757 /* [CP] Embed Pods Frameworks */,
			);
			buildRules = (
			);
			dependencies = (
				274CD24A2A49473D009C57F6 /* PBXTargetDependency */,
			);
			name = PatientDiaryUITests;
			productName = PatientDiaryUITests;
			productReference = 274CD2482A49473D009C57F6 /* PatientDiaryUITests.xctest */;
			productType = "com.apple.product-type.bundle.ui-testing";
		};
/* End PBXNativeTarget section */

/* Begin PBXProject section */
		274CD2202A49473B009C57F6 /* Project object */ = {
			isa = PBXProject;
			attributes = {
				BuildIndependentTargetsInParallel = 1;
				LastSwiftUpdateCheck = 1430;
				LastUpgradeCheck = 1430;
				TargetAttributes = {
					274CD2272A49473B009C57F6 = {
						CreatedOnToolsVersion = 14.3.1;
					};
					274CD23D2A49473D009C57F6 = {
						CreatedOnToolsVersion = 14.3.1;
						TestTargetID = 274CD2272A49473B009C57F6;
					};
					274CD2472A49473D009C57F6 = {
						CreatedOnToolsVersion = 14.3.1;
						TestTargetID = 274CD2272A49473B009C57F6;
					};
				};
			};
			buildConfigurationList = 274CD2232A49473B009C57F6 /* Build configuration list for PBXProject "PatientDiary" */;
			compatibilityVersion = "Xcode 14.0";
			developmentRegion = en;
			hasScannedForEncodings = 0;
			knownRegions = (
				en,
				Base,
			);
			mainGroup = 274CD21F2A49473B009C57F6;
			productRefGroup = 274CD2292A49473B009C57F6 /* Products */;
			projectDirPath = "";
			projectRoot = "";
			targets = (
				274CD2272A49473B009C57F6 /* PatientDiary */,
				274CD23D2A49473D009C57F6 /* PatientDiaryTests */,
				274CD2472A49473D009C57F6 /* PatientDiaryUITests */,
			);
		};
/* End PBXProject section */

/* Begin PBXResourcesBuildPhase section */
		274CD2262A49473B009C57F6 /* Resources */ = {
			isa = PBXResourcesBuildPhase;
			buildActionMask = 2147483647;
			files = (
				274CD2862A497973009C57F6 /* StudyTitleCell.xib in Resources */,
				274CD2382A49473D009C57F6 /* LaunchScreen.storyboard in Resources */,
				274CD2762A496E96009C57F6 /* Studies.json in Resources */,
				274CD2352A49473D009C57F6 /* Assets.xcassets in Resources */,
				274CD2332A49473B009C57F6 /* Main.storyboard in Resources */,
			);
			runOnlyForDeploymentPostprocessing = 0;
		};
		274CD23C2A49473D009C57F6 /* Resources */ = {
			isa = PBXResourcesBuildPhase;
			buildActionMask = 2147483647;
			files = (
			);
			runOnlyForDeploymentPostprocessing = 0;
		};
		274CD2462A49473D009C57F6 /* Resources */ = {
			isa = PBXResourcesBuildPhase;
			buildActionMask = 2147483647;
			files = (
			);
			runOnlyForDeploymentPostprocessing = 0;
		};
/* End PBXResourcesBuildPhase section */

/* Begin PBXShellScriptBuildPhase section */
		100690206661DE79732A25B4 /* [CP] Embed Pods Frameworks */ = {
			isa = PBXShellScriptBuildPhase;
			buildActionMask = 2147483647;
			files = (
			);
			inputFileListPaths = (
				"${PODS_ROOT}/Target Support Files/Pods-PatientDiary/Pods-PatientDiary-frameworks-${CONFIGURATION}-input-files.xcfilelist",
			);
			name = "[CP] Embed Pods Frameworks";
			outputFileListPaths = (
				"${PODS_ROOT}/Target Support Files/Pods-PatientDiary/Pods-PatientDiary-frameworks-${CONFIGURATION}-output-files.xcfilelist",
			);
			runOnlyForDeploymentPostprocessing = 0;
			shellPath = /bin/sh;
			shellScript = "\"${PODS_ROOT}/Target Support Files/Pods-PatientDiary/Pods-PatientDiary-frameworks.sh\"\n";
			showEnvVarsInLog = 0;
		};
		8EB07C59661EDFAA9395610B /* [CP] Check Pods Manifest.lock */ = {
			isa = PBXShellScriptBuildPhase;
			buildActionMask = 2147483647;
			files = (
			);
			inputFileListPaths = (
			);
			inputPaths = (
				"${PODS_PODFILE_DIR_PATH}/Podfile.lock",
				"${PODS_ROOT}/Manifest.lock",
			);
			name = "[CP] Check Pods Manifest.lock";
			outputFileListPaths = (
			);
			outputPaths = (
				"$(DERIVED_FILE_DIR)/Pods-PatientDiaryTests-checkManifestLockResult.txt",
			);
			runOnlyForDeploymentPostprocessing = 0;
			shellPath = /bin/sh;
			shellScript = "diff \"${PODS_PODFILE_DIR_PATH}/Podfile.lock\" \"${PODS_ROOT}/Manifest.lock\" > /dev/null\nif [ $? != 0 ] ; then\n    # print error to STDERR\n    echo \"error: The sandbox is not in sync with the Podfile.lock. Run 'pod install' or update your CocoaPods installation.\" >&2\n    exit 1\nfi\n# This output is used by Xcode 'outputs' to avoid re-running this script phase.\necho \"SUCCESS\" > \"${SCRIPT_OUTPUT_FILE_0}\"\n";
			showEnvVarsInLog = 0;
		};
		A2F0F5AAC43B77EA943C5757 /* [CP] Embed Pods Frameworks */ = {
			isa = PBXShellScriptBuildPhase;
			buildActionMask = 2147483647;
			files = (
			);
			inputFileListPaths = (
				"${PODS_ROOT}/Target Support Files/Pods-PatientDiary-PatientDiaryUITests/Pods-PatientDiary-PatientDiaryUITests-frameworks-${CONFIGURATION}-input-files.xcfilelist",
			);
			name = "[CP] Embed Pods Frameworks";
			outputFileListPaths = (
				"${PODS_ROOT}/Target Support Files/Pods-PatientDiary-PatientDiaryUITests/Pods-PatientDiary-PatientDiaryUITests-frameworks-${CONFIGURATION}-output-files.xcfilelist",
			);
			runOnlyForDeploymentPostprocessing = 0;
			shellPath = /bin/sh;
			shellScript = "\"${PODS_ROOT}/Target Support Files/Pods-PatientDiary-PatientDiaryUITests/Pods-PatientDiary-PatientDiaryUITests-frameworks.sh\"\n";
			showEnvVarsInLog = 0;
		};
		C161F2A50C485DF77EB808A0 /* [CP] Check Pods Manifest.lock */ = {
			isa = PBXShellScriptBuildPhase;
			buildActionMask = 2147483647;
			files = (
			);
			inputFileListPaths = (
			);
			inputPaths = (
				"${PODS_PODFILE_DIR_PATH}/Podfile.lock",
				"${PODS_ROOT}/Manifest.lock",
			);
			name = "[CP] Check Pods Manifest.lock";
			outputFileListPaths = (
			);
			outputPaths = (
				"$(DERIVED_FILE_DIR)/Pods-PatientDiary-checkManifestLockResult.txt",
			);
			runOnlyForDeploymentPostprocessing = 0;
			shellPath = /bin/sh;
			shellScript = "diff \"${PODS_PODFILE_DIR_PATH}/Podfile.lock\" \"${PODS_ROOT}/Manifest.lock\" > /dev/null\nif [ $? != 0 ] ; then\n    # print error to STDERR\n    echo \"error: The sandbox is not in sync with the Podfile.lock. Run 'pod install' or update your CocoaPods installation.\" >&2\n    exit 1\nfi\n# This output is used by Xcode 'outputs' to avoid re-running this script phase.\necho \"SUCCESS\" > \"${SCRIPT_OUTPUT_FILE_0}\"\n";
			showEnvVarsInLog = 0;
		};
		E198FE22187DF4B8AF73E087 /* [CP] Check Pods Manifest.lock */ = {
			isa = PBXShellScriptBuildPhase;
			buildActionMask = 2147483647;
			files = (
			);
			inputFileListPaths = (
			);
			inputPaths = (
				"${PODS_PODFILE_DIR_PATH}/Podfile.lock",
				"${PODS_ROOT}/Manifest.lock",
			);
			name = "[CP] Check Pods Manifest.lock";
			outputFileListPaths = (
			);
			outputPaths = (
				"$(DERIVED_FILE_DIR)/Pods-PatientDiary-PatientDiaryUITests-checkManifestLockResult.txt",
			);
			runOnlyForDeploymentPostprocessing = 0;
			shellPath = /bin/sh;
			shellScript = "diff \"${PODS_PODFILE_DIR_PATH}/Podfile.lock\" \"${PODS_ROOT}/Manifest.lock\" > /dev/null\nif [ $? != 0 ] ; then\n    # print error to STDERR\n    echo \"error: The sandbox is not in sync with the Podfile.lock. Run 'pod install' or update your CocoaPods installation.\" >&2\n    exit 1\nfi\n# This output is used by Xcode 'outputs' to avoid re-running this script phase.\necho \"SUCCESS\" > \"${SCRIPT_OUTPUT_FILE_0}\"\n";
			showEnvVarsInLog = 0;
		};
/* End PBXShellScriptBuildPhase section */

/* Begin PBXSourcesBuildPhase section */
		274CD2242A49473B009C57F6 /* Sources */ = {
			isa = PBXSourcesBuildPhase;
			buildActionMask = 2147483647;
			files = (
				274CD2302A49473B009C57F6 /* ViewController.swift in Sources */,
				274CD22C2A49473B009C57F6 /* AppDelegate.swift in Sources */,
				274CD27B2A4971BA009C57F6 /* Studies.swift in Sources */,
				274CD2632A495CFF009C57F6 /* DashboardViewRouter.swift in Sources */,
				274CD2682A495E0F009C57F6 /* LoginPresenter.swift in Sources */,
				274CD26C2A49626C009C57F6 /* Person.swift in Sources */,
				274CD2922A4985BE009C57F6 /* TextFieldRouter.swift in Sources */,
				274CD2612A495C15009C57F6 /* DashboardVieConfigurator.swift in Sources */,
				274CD27F2A497438009C57F6 /* DBHelper.swift in Sources */,
				274CD26A2A496215009C57F6 /* LoginViewConfigurator.swift in Sources */,
				274CD22E2A49473B009C57F6 /* SceneDelegate.swift in Sources */,
				274CD2942A49F50F009C57F6 /* StudiesModelUseCase.swift in Sources */,
				274CD2852A497973009C57F6 /* StudyTitleCell.swift in Sources */,
				274CD2982A4A8CCE009C57F6 /* LocalNotification .swift in Sources */,
				274CD2962A4A841C009C57F6 /* Colors.swift in Sources */,
				274CD25D2A495335009C57F6 /* DashboardViewController.swift in Sources */,
				274CD28E2A4985A1009C57F6 /* TextFieldPresenter.swift in Sources */,
				274CD2662A495DFB009C57F6 /* LoginRouter.swift in Sources */,
				274CD2902A4985AE009C57F6 /* TextFieldConfigurator.swift in Sources */,
				274CD27D2A4973F7009C57F6 /* LoginUsecase.swift in Sources */,
				274CD2892A498203009C57F6 /* ViewControllerExtension.swift in Sources */,
				274CD28C2A498489009C57F6 /* TextFieldController.swift in Sources */,
				274CD26F2A4962E2009C57F6 /* CommonUtilityClass.swift in Sources */,
				274CD25F2A495BF4009C57F6 /* DashboardViewPresenter.swift in Sources */,
			);
			runOnlyForDeploymentPostprocessing = 0;
		};
		274CD23A2A49473D009C57F6 /* Sources */ = {
			isa = PBXSourcesBuildPhase;
			buildActionMask = 2147483647;
			files = (
				274CD2432A49473D009C57F6 /* PatientDiaryTests.swift in Sources */,
			);
			runOnlyForDeploymentPostprocessing = 0;
		};
		274CD2442A49473D009C57F6 /* Sources */ = {
			isa = PBXSourcesBuildPhase;
			buildActionMask = 2147483647;
			files = (
				274CD24F2A49473D009C57F6 /* PatientDiaryUITestsLaunchTests.swift in Sources */,
				274CD24D2A49473D009C57F6 /* PatientDiaryUITests.swift in Sources */,
			);
			runOnlyForDeploymentPostprocessing = 0;
		};
/* End PBXSourcesBuildPhase section */

/* Begin PBXTargetDependency section */
		274CD2402A49473D009C57F6 /* PBXTargetDependency */ = {
			isa = PBXTargetDependency;
			target = 274CD2272A49473B009C57F6 /* PatientDiary */;
			targetProxy = 274CD23F2A49473D009C57F6 /* PBXContainerItemProxy */;
		};
		274CD24A2A49473D009C57F6 /* PBXTargetDependency */ = {
			isa = PBXTargetDependency;
			target = 274CD2272A49473B009C57F6 /* PatientDiary */;
			targetProxy = 274CD2492A49473D009C57F6 /* PBXContainerItemProxy */;
		};
/* End PBXTargetDependency section */

/* Begin PBXVariantGroup section */
		274CD2312A49473B009C57F6 /* Main.storyboard */ = {
			isa = PBXVariantGroup;
			children = (
				274CD2322A49473B009C57F6 /* Base */,
			);
			name = Main.storyboard;
			sourceTree = "<group>";
		};
		274CD2362A49473D009C57F6 /* LaunchScreen.storyboard */ = {
			isa = PBXVariantGroup;
			children = (
				274CD2372A49473D009C57F6 /* Base */,
			);
			name = LaunchScreen.storyboard;
			sourceTree = "<group>";
		};
/* End PBXVariantGroup section */

/* Begin XCBuildConfiguration section */
		274CD2502A49473D009C57F6 /* Debug */ = {
			isa = XCBuildConfiguration;
			buildSettings = {
				ALWAYS_SEARCH_USER_PATHS = NO;
				CLANG_ANALYZER_NONNULL = YES;
				CLANG_ANALYZER_NUMBER_OBJECT_CONVERSION = YES_AGGRESSIVE;
				CLANG_CXX_LANGUAGE_STANDARD = "gnu++20";
				CLANG_ENABLE_MODULES = YES;
				CLANG_ENABLE_OBJC_ARC = YES;
				CLANG_ENABLE_OBJC_WEAK = YES;
				CLANG_WARN_BLOCK_CAPTURE_AUTORELEASING = YES;
				CLANG_WARN_BOOL_CONVERSION = YES;
				CLANG_WARN_COMMA = YES;
				CLANG_WARN_CONSTANT_CONVERSION = YES;
				CLANG_WARN_DEPRECATED_OBJC_IMPLEMENTATIONS = YES;
				CLANG_WARN_DIRECT_OBJC_ISA_USAGE = YES_ERROR;
				CLANG_WARN_DOCUMENTATION_COMMENTS = YES;
				CLANG_WARN_EMPTY_BODY = YES;
				CLANG_WARN_ENUM_CONVERSION = YES;
				CLANG_WARN_INFINITE_RECURSION = YES;
				CLANG_WARN_INT_CONVERSION = YES;
				CLANG_WARN_NON_LITERAL_NULL_CONVERSION = YES;
				CLANG_WARN_OBJC_IMPLICIT_RETAIN_SELF = YES;
				CLANG_WARN_OBJC_LITERAL_CONVERSION = YES;
				CLANG_WARN_OBJC_ROOT_CLASS = YES_ERROR;
				CLANG_WARN_QUOTED_INCLUDE_IN_FRAMEWORK_HEADER = YES;
				CLANG_WARN_RANGE_LOOP_ANALYSIS = YES;
				CLANG_WARN_STRICT_PROTOTYPES = YES;
				CLANG_WARN_SUSPICIOUS_MOVE = YES;
				CLANG_WARN_UNGUARDED_AVAILABILITY = YES_AGGRESSIVE;
				CLANG_WARN_UNREACHABLE_CODE = YES;
				CLANG_WARN__DUPLICATE_METHOD_MATCH = YES;
				COPY_PHASE_STRIP = NO;
				DEBUG_INFORMATION_FORMAT = dwarf;
				ENABLE_STRICT_OBJC_MSGSEND = YES;
				ENABLE_TESTABILITY = YES;
				GCC_C_LANGUAGE_STANDARD = gnu11;
				GCC_DYNAMIC_NO_PIC = NO;
				GCC_NO_COMMON_BLOCKS = YES;
				GCC_OPTIMIZATION_LEVEL = 0;
				GCC_PREPROCESSOR_DEFINITIONS = (
					"DEBUG=1",
					"$(inherited)",
				);
				GCC_WARN_64_TO_32_BIT_CONVERSION = YES;
				GCC_WARN_ABOUT_RETURN_TYPE = YES_ERROR;
				GCC_WARN_UNDECLARED_SELECTOR = YES;
				GCC_WARN_UNINITIALIZED_AUTOS = YES_AGGRESSIVE;
				GCC_WARN_UNUSED_FUNCTION = YES;
				GCC_WARN_UNUSED_VARIABLE = YES;
				IPHONEOS_DEPLOYMENT_TARGET = 16.4;
				MTL_ENABLE_DEBUG_INFO = INCLUDE_SOURCE;
				MTL_FAST_MATH = YES;
				ONLY_ACTIVE_ARCH = YES;
				SDKROOT = iphoneos;
				SWIFT_ACTIVE_COMPILATION_CONDITIONS = DEBUG;
				SWIFT_OPTIMIZATION_LEVEL = "-Onone";
			};
			name = Debug;
		};
		274CD2512A49473D009C57F6 /* Release */ = {
			isa = XCBuildConfiguration;
			buildSettings = {
				ALWAYS_SEARCH_USER_PATHS = NO;
				CLANG_ANALYZER_NONNULL = YES;
				CLANG_ANALYZER_NUMBER_OBJECT_CONVERSION = YES_AGGRESSIVE;
				CLANG_CXX_LANGUAGE_STANDARD = "gnu++20";
				CLANG_ENABLE_MODULES = YES;
				CLANG_ENABLE_OBJC_ARC = YES;
				CLANG_ENABLE_OBJC_WEAK = YES;
				CLANG_WARN_BLOCK_CAPTURE_AUTORELEASING = YES;
				CLANG_WARN_BOOL_CONVERSION = YES;
				CLANG_WARN_COMMA = YES;
				CLANG_WARN_CONSTANT_CONVERSION = YES;
				CLANG_WARN_DEPRECATED_OBJC_IMPLEMENTATIONS = YES;
				CLANG_WARN_DIRECT_OBJC_ISA_USAGE = YES_ERROR;
				CLANG_WARN_DOCUMENTATION_COMMENTS = YES;
				CLANG_WARN_EMPTY_BODY = YES;
				CLANG_WARN_ENUM_CONVERSION = YES;
				CLANG_WARN_INFINITE_RECURSION = YES;
				CLANG_WARN_INT_CONVERSION = YES;
				CLANG_WARN_NON_LITERAL_NULL_CONVERSION = YES;
				CLANG_WARN_OBJC_IMPLICIT_RETAIN_SELF = YES;
				CLANG_WARN_OBJC_LITERAL_CONVERSION = YES;
				CLANG_WARN_OBJC_ROOT_CLASS = YES_ERROR;
				CLANG_WARN_QUOTED_INCLUDE_IN_FRAMEWORK_HEADER = YES;
				CLANG_WARN_RANGE_LOOP_ANALYSIS = YES;
				CLANG_WARN_STRICT_PROTOTYPES = YES;
				CLANG_WARN_SUSPICIOUS_MOVE = YES;
				CLANG_WARN_UNGUARDED_AVAILABILITY = YES_AGGRESSIVE;
				CLANG_WARN_UNREACHABLE_CODE = YES;
				CLANG_WARN__DUPLICATE_METHOD_MATCH = YES;
				COPY_PHASE_STRIP = NO;
				DEBUG_INFORMATION_FORMAT = "dwarf-with-dsym";
				ENABLE_NS_ASSERTIONS = NO;
				ENABLE_STRICT_OBJC_MSGSEND = YES;
				GCC_C_LANGUAGE_STANDARD = gnu11;
				GCC_NO_COMMON_BLOCKS = YES;
				GCC_WARN_64_TO_32_BIT_CONVERSION = YES;
				GCC_WARN_ABOUT_RETURN_TYPE = YES_ERROR;
				GCC_WARN_UNDECLARED_SELECTOR = YES;
				GCC_WARN_UNINITIALIZED_AUTOS = YES_AGGRESSIVE;
				GCC_WARN_UNUSED_FUNCTION = YES;
				GCC_WARN_UNUSED_VARIABLE = YES;
				IPHONEOS_DEPLOYMENT_TARGET = 16.4;
				MTL_ENABLE_DEBUG_INFO = NO;
				MTL_FAST_MATH = YES;
				SDKROOT = iphoneos;
				SWIFT_COMPILATION_MODE = wholemodule;
				SWIFT_OPTIMIZATION_LEVEL = "-O";
				VALIDATE_PRODUCT = YES;
			};
			name = Release;
		};
		274CD2532A49473D009C57F6 /* Debug */ = {
			isa = XCBuildConfiguration;
			baseConfigurationReference = D40E22B2A28754E3982BD181 /* Pods-PatientDiary.debug.xcconfig */;
			buildSettings = {
				ASSETCATALOG_COMPILER_APPICON_NAME = AppIcon;
				ASSETCATALOG_COMPILER_GLOBAL_ACCENT_COLOR_NAME = AccentColor;
				CODE_SIGN_STYLE = Automatic;
				CURRENT_PROJECT_VERSION = 1;
				DEVELOPMENT_TEAM = YZG3KU88FH;
				GENERATE_INFOPLIST_FILE = YES;
				INFOPLIST_FILE = PatientDiary/Info.plist;
				INFOPLIST_KEY_UIApplicationSupportsIndirectInputEvents = YES;
				INFOPLIST_KEY_UILaunchStoryboardName = LaunchScreen;
				INFOPLIST_KEY_UIMainStoryboardFile = Main;
				INFOPLIST_KEY_UISupportedInterfaceOrientations_iPad = "UIInterfaceOrientationPortrait UIInterfaceOrientationPortraitUpsideDown UIInterfaceOrientationLandscapeLeft UIInterfaceOrientationLandscapeRight";
				INFOPLIST_KEY_UISupportedInterfaceOrientations_iPhone = "UIInterfaceOrientationPortrait UIInterfaceOrientationLandscapeLeft UIInterfaceOrientationLandscapeRight";
				LD_RUNPATH_SEARCH_PATHS = (
					"$(inherited)",
					"@executable_path/Frameworks",
				);
				MARKETING_VERSION = 1.0;
				PRODUCT_BUNDLE_IDENTIFIER = ddd.PatientDiary;
				PRODUCT_NAME = "$(TARGET_NAME)";
				SWIFT_EMIT_LOC_STRINGS = YES;
				SWIFT_VERSION = 5.0;
				TARGETED_DEVICE_FAMILY = "1,2";
			};
			name = Debug;
		};
		274CD2542A49473D009C57F6 /* Release */ = {
			isa = XCBuildConfiguration;
			baseConfigurationReference = AA784E83B7C1C2D984743490 /* Pods-PatientDiary.release.xcconfig */;
			buildSettings = {
				ASSETCATALOG_COMPILER_APPICON_NAME = AppIcon;
				ASSETCATALOG_COMPILER_GLOBAL_ACCENT_COLOR_NAME = AccentColor;
				CODE_SIGN_STYLE = Automatic;
				CURRENT_PROJECT_VERSION = 1;
				DEVELOPMENT_TEAM = YZG3KU88FH;
				GENERATE_INFOPLIST_FILE = YES;
				INFOPLIST_FILE = PatientDiary/Info.plist;
				INFOPLIST_KEY_UIApplicationSupportsIndirectInputEvents = YES;
				INFOPLIST_KEY_UILaunchStoryboardName = LaunchScreen;
				INFOPLIST_KEY_UIMainStoryboardFile = Main;
				INFOPLIST_KEY_UISupportedInterfaceOrientations_iPad = "UIInterfaceOrientationPortrait UIInterfaceOrientationPortraitUpsideDown UIInterfaceOrientationLandscapeLeft UIInterfaceOrientationLandscapeRight";
				INFOPLIST_KEY_UISupportedInterfaceOrientations_iPhone = "UIInterfaceOrientationPortrait UIInterfaceOrientationLandscapeLeft UIInterfaceOrientationLandscapeRight";
				LD_RUNPATH_SEARCH_PATHS = (
					"$(inherited)",
					"@executable_path/Frameworks",
				);
				MARKETING_VERSION = 1.0;
				PRODUCT_BUNDLE_IDENTIFIER = ddd.PatientDiary;
				PRODUCT_NAME = "$(TARGET_NAME)";
				SWIFT_EMIT_LOC_STRINGS = YES;
				SWIFT_VERSION = 5.0;
				TARGETED_DEVICE_FAMILY = "1,2";
			};
			name = Release;
		};
		274CD2562A49473D009C57F6 /* Debug */ = {
			isa = XCBuildConfiguration;
			baseConfigurationReference = 857F3A1555F8B351DD307F7E /* Pods-PatientDiaryTests.debug.xcconfig */;
			buildSettings = {
				ALWAYS_EMBED_SWIFT_STANDARD_LIBRARIES = YES;
				BUNDLE_LOADER = "$(TEST_HOST)";
				CODE_SIGN_STYLE = Automatic;
				CURRENT_PROJECT_VERSION = 1;
				DEVELOPMENT_TEAM = YZG3KU88FH;
				GENERATE_INFOPLIST_FILE = YES;
				IPHONEOS_DEPLOYMENT_TARGET = 16.4;
				MARKETING_VERSION = 1.0;
				PRODUCT_BUNDLE_IDENTIFIER = ddd.PatientDiaryTests;
				PRODUCT_NAME = "$(TARGET_NAME)";
				SWIFT_EMIT_LOC_STRINGS = NO;
				SWIFT_VERSION = 5.0;
				TARGETED_DEVICE_FAMILY = "1,2";
				TEST_HOST = "$(BUILT_PRODUCTS_DIR)/PatientDiary.app/$(BUNDLE_EXECUTABLE_FOLDER_PATH)/PatientDiary";
			};
			name = Debug;
		};
		274CD2572A49473D009C57F6 /* Release */ = {
			isa = XCBuildConfiguration;
			baseConfigurationReference = 6D1FC515FC9E5112DAF73136 /* Pods-PatientDiaryTests.release.xcconfig */;
			buildSettings = {
				ALWAYS_EMBED_SWIFT_STANDARD_LIBRARIES = YES;
				BUNDLE_LOADER = "$(TEST_HOST)";
				CODE_SIGN_STYLE = Automatic;
				CURRENT_PROJECT_VERSION = 1;
				DEVELOPMENT_TEAM = YZG3KU88FH;
				GENERATE_INFOPLIST_FILE = YES;
				IPHONEOS_DEPLOYMENT_TARGET = 16.4;
				MARKETING_VERSION = 1.0;
				PRODUCT_BUNDLE_IDENTIFIER = ddd.PatientDiaryTests;
				PRODUCT_NAME = "$(TARGET_NAME)";
				SWIFT_EMIT_LOC_STRINGS = NO;
				SWIFT_VERSION = 5.0;
				TARGETED_DEVICE_FAMILY = "1,2";
				TEST_HOST = "$(BUILT_PRODUCTS_DIR)/PatientDiary.app/$(BUNDLE_EXECUTABLE_FOLDER_PATH)/PatientDiary";
			};
			name = Release;
		};
		274CD2592A49473D009C57F6 /* Debug */ = {
			isa = XCBuildConfiguration;
			baseConfigurationReference = 2474F29C080C8A1C10B2C44D /* Pods-PatientDiary-PatientDiaryUITests.debug.xcconfig */;
			buildSettings = {
				ALWAYS_EMBED_SWIFT_STANDARD_LIBRARIES = YES;
				CODE_SIGN_STYLE = Automatic;
				CURRENT_PROJECT_VERSION = 1;
				DEVELOPMENT_TEAM = YZG3KU88FH;
				GENERATE_INFOPLIST_FILE = YES;
				MARKETING_VERSION = 1.0;
				PRODUCT_BUNDLE_IDENTIFIER = ddd.PatientDiaryUITests;
				PRODUCT_NAME = "$(TARGET_NAME)";
				SWIFT_EMIT_LOC_STRINGS = NO;
				SWIFT_VERSION = 5.0;
				TARGETED_DEVICE_FAMILY = "1,2";
				TEST_TARGET_NAME = PatientDiary;
			};
			name = Debug;
		};
		274CD25A2A49473D009C57F6 /* Release */ = {
			isa = XCBuildConfiguration;
			baseConfigurationReference = 6AA22F4AD91013F59D982D54 /* Pods-PatientDiary-PatientDiaryUITests.release.xcconfig */;
			buildSettings = {
				ALWAYS_EMBED_SWIFT_STANDARD_LIBRARIES = YES;
				CODE_SIGN_STYLE = Automatic;
				CURRENT_PROJECT_VERSION = 1;
				DEVELOPMENT_TEAM = YZG3KU88FH;
				GENERATE_INFOPLIST_FILE = YES;
				MARKETING_VERSION = 1.0;
				PRODUCT_BUNDLE_IDENTIFIER = ddd.PatientDiaryUITests;
				PRODUCT_NAME = "$(TARGET_NAME)";
				SWIFT_EMIT_LOC_STRINGS = NO;
				SWIFT_VERSION = 5.0;
				TARGETED_DEVICE_FAMILY = "1,2";
				TEST_TARGET_NAME = PatientDiary;
			};
			name = Release;
		};
/* End XCBuildConfiguration section */

/* Begin XCConfigurationList section */
		274CD2232A49473B009C57F6 /* Build configuration list for PBXProject "PatientDiary" */ = {
			isa = XCConfigurationList;
			buildConfigurations = (
				274CD2502A49473D009C57F6 /* Debug */,
				274CD2512A49473D009C57F6 /* Release */,
			);
			defaultConfigurationIsVisible = 0;
			defaultConfigurationName = Release;
		};
		274CD2522A49473D009C57F6 /* Build configuration list for PBXNativeTarget "PatientDiary" */ = {
			isa = XCConfigurationList;
			buildConfigurations = (
				274CD2532A49473D009C57F6 /* Debug */,
				274CD2542A49473D009C57F6 /* Release */,
			);
			defaultConfigurationIsVisible = 0;
			defaultConfigurationName = Release;
		};
		274CD2552A49473D009C57F6 /* Build configuration list for PBXNativeTarget "PatientDiaryTests" */ = {
			isa = XCConfigurationList;
			buildConfigurations = (
				274CD2562A49473D009C57F6 /* Debug */,
				274CD2572A49473D009C57F6 /* Release */,
			);
			defaultConfigurationIsVisible = 0;
			defaultConfigurationName = Release;
		};
		274CD2582A49473D009C57F6 /* Build configuration list for PBXNativeTarget "PatientDiaryUITests" */ = {
			isa = XCConfigurationList;
			buildConfigurations = (
				274CD2592A49473D009C57F6 /* Debug */,
				274CD25A2A49473D009C57F6 /* Release */,
			);
			defaultConfigurationIsVisible = 0;
			defaultConfigurationName = Release;
		};
/* End XCConfigurationList section */
	};
	rootObject = 274CD2202A49473B009C57F6 /* Project object */;
}
